<?xml version="1.0" encoding="UTF-8"?>
<CONFIG>
  <ProjectOptions>
    <Version Value="12"/>
    <General>
      <Flags>
        <MainUnitHasUsesSectionForAllUnits Value="False"/>
        <MainUnitHasCreateFormStatements Value="False"/>
        <MainUnitHasTitleStatement Value="False"/>
      </Flags>
      <SessionStorage Value="InProjectDir"/>
      <MainUnit Value="0"/>
      <Title Value="Markdown Editor"/>
      <UseAppBundle Value="False"/>
      <ResourceType Value="res"/>
      <UseXPManifest Value="True"/>
    </General>
    <BuildModes Count="2">
      <Item1 Name="Debug" Default="True"/>
      <Item2 Name="Release">
        <CompilerOptions>
          <Version Value="11"/>
          <Target>
            <Filename Value="bin/markdown-editor"/>
          </Target>
          <SearchPaths>
            <IncludeFiles Value="$(ProjOutDir)"/>
            <OtherUnitFiles Value="src;src/app;src/core;src/gui;src/gui/controllers;src/gui/dialogs;src/gui/dialogs/options;src/services;src/services/markdown;src/services/settings"/>
            <UnitOutputDirectory Value="lib/$(TargetCPU)-$(TargetOS)"/>
          </SearchPaths>
          <Parsing>
            <SyntaxOptions>
              <SyntaxMode Value="ObjFPC"/>
            </SyntaxOptions>
          </Parsing>
          <CodeGeneration>
            <Optimizations>
              <OptimizationLevel Value="3"/>
            </Optimizations>
          </CodeGeneration>
          <Linking>
            <Debugging>
              <GenerateDebugInfo Value="False"/>
              <StripSymbols Value="True"/>
            </Debugging>
            <Options>
              <Win32>
                <GraphicApplication Value="True"/>
              </Win32>
            </Options>
          </Linking>
        </CompilerOptions>
      </Item2>
    </BuildModes>
    <RequiredPackages Count="4">
      <Item1>
        <PackageName Value="LCL"/>
      </Item1>
      <Item2>
        <PackageName Value="WebView4Delphi"/>
      </Item2>
      <Item3>
        <PackageName Value="MarkdownEngine"/>
      </Item3>
      <Item4>
        <PackageName Value="argparser_fp"/>
      </Item4>
    </RequiredPackages>
    <Units Count="28">
      <Unit0>
        <Filename Value="markdown_editor.lpr"/>
        <IsPartOfProject Value="True"/>
      </Unit0>
      <Unit1>
        <Filename Value="src/gui/main_form.pas"/>
        <IsPartOfProject Value="True"/>
        <UnitName Value="Main_Form"/>
      </Unit1>
      <Unit2>
        <Filename Value="src/services/markdown/renderer.pas"/>
        <IsPartOfProject Value="True"/>
        <UnitName Value="Renderer"/>
      </Unit2>
      <Unit3>
        <Filename Value="src/gui/preview_form.pas"/>
        <IsPartOfProject Value="True"/>
        <UnitName Value="Preview_Form"/>
      </Unit3>
      <Unit4>
        <Filename Value="src/services/files.pas"/>
        <IsPartOfProject Value="True"/>
        <UnitName Value="Files"/>
      </Unit4>
      <Unit5>
        <Filename Value="src/gui/editor_menu.pas"/>
        <IsPartOfProject Value="True"/>
        <UnitName Value="Editor_Menu"/>
      </Unit5>
      <Unit6>
        <Filename Value="src/services/html_export.pas"/>
        <IsPartOfProject Value="True"/>
        <UnitName Value="Html_Export"/>
      </Unit6>
      <Unit7>
        <Filename Value="src/app/command_line.pas"/>
        <IsPartOfProject Value="True"/>
        <UnitName Value="Command_Line"/>
      </Unit7>
      <Unit8>
        <Filename Value="src/services/markdown/link_navigation.pas"/>
        <IsPartOfProject Value="True"/>
        <UnitName Value="Link_Navigation"/>
      </Unit8>
      <Unit9>
        <Filename Value="src/services/markdown/heading_anchors.pas"/>
        <IsPartOfProject Value="True"/>
        <UnitName Value="Heading_Anchors"/>
      </Unit9>
      <Unit10>
        <Filename Value="src/services/file_association.pas"/>
        <IsPartOfProject Value="True"/>
        <UnitName Value="File_Association"/>
      </Unit10>
      <Unit11>
        <Filename Value="src/core/document_state.pas"/>
        <IsPartOfProject Value="True"/>
        <UnitName Value="Document_State"/>
      </Unit11>
      <Unit12>
        <Filename Value="src/core/line_navigation.pas"/>
        <IsPartOfProject Value="True"/>
        <UnitName Value="Line_Navigation"/>
      </Unit12>
      <Unit13>
        <Filename Value="src/gui/dialogs/go_to_line.pas"/>
        <IsPartOfProject Value="True"/>
        <UnitName Value="Go_To_Line"/>
      </Unit13>
      <Unit14>
        <Filename Value="src/services/settings/recent_files.pas"/>
        <IsPartOfProject Value="True"/>
        <UnitName Value="Recent_Files"/>
      </Unit14>
      <Unit15>
        <Filename Value="src/services/settings/editor.pas"/>
        <IsPartOfProject Value="True"/>
        <UnitName Value="Editor"/>
      </Unit15>
      <Unit16>
        <Filename Value="src/gui/controllers/recent_files_controller.pas"/>
        <IsPartOfProject Value="True"/>
        <UnitName Value="Recent_Files_Controller"/>
      </Unit16>
      <Unit17>
        <Filename Value="src/services/settings/session.pas"/>
        <IsPartOfProject Value="True"/>
        <UnitName Value="Session"/>
      </Unit17>
      <Unit18>
        <Filename Value="src/gui/controllers/session_controller.pas"/>
        <IsPartOfProject Value="True"/>
        <UnitName Value="Session_Controller"/>
      </Unit18>
      <Unit19>
        <Filename Value="src/services/settings/file_position_history.pas"/>
        <IsPartOfProject Value="True"/>
        <UnitName Value="File_Position_History"/>
      </Unit19>
      <Unit20>
        <Filename Value="src/gui/accessibility.pas"/>
        <IsPartOfProject Value="True"/>
        <UnitName Value="Accessibility"/>
      </Unit20>
      <Unit21>
        <Filename Value="src/gui/dialogs/insert_link.pas"/>
        <IsPartOfProject Value="True"/>
        <UnitName Value="Insert_Link"/>
      </Unit21>
      <Unit22>
        <Filename Value="src/services/markdown/link.pas"/>
        <IsPartOfProject Value="True"/>
        <UnitName Value="Link"/>
      </Unit22>
      <Unit23>
        <Filename Value="src/gui/dialogs/html_export_dialog.pas"/>
        <IsPartOfProject Value="True"/>
        <UnitName Value="Html_Export_Dialog"/>
      </Unit23>
      <Unit24>
        <Filename Value="src/services/settings/preferences.pas"/>
        <IsPartOfProject Value="True"/>
        <UnitName Value="Preferences"/>
      </Unit24>
      <Unit25>
        <Filename Value="src/gui/dialogs/options.pas"/>
        <IsPartOfProject Value="True"/>
        <UnitName Value="Options"/>
      </Unit25>
      <Unit26>
        <Filename Value="src/gui/dialogs/options/general_tab.pas"/>
        <IsPartOfProject Value="True"/>
        <UnitName Value="General_Tab"/>
      </Unit26>
      <Unit27>
        <Filename Value="src/gui/dialogs/markdown_save_dialog.pas"/>
        <IsPartOfProject Value="True"/>
        <UnitName Value="Markdown_Save_Dialog"/>
      </Unit27>
    </Units>
  </ProjectOptions>
  <CompilerOptions>
    <Version Value="11"/>
    <Target>
      <Filename Value="bin/markdown-editor"/>
    </Target>
    <SearchPaths>
      <IncludeFiles Value="$(ProjOutDir)"/>
      <OtherUnitFiles Value="src;src/app;src/core;src/gui;src/gui/controllers;src/gui/dialogs;src/gui/dialogs/options;src/services;src/services/markdown;src/services/settings"/>
      <UnitOutputDirectory Value="lib/$(TargetCPU)-$(TargetOS)"/>
    </SearchPaths>
    <Parsing>
      <SyntaxOptions>
        <SyntaxMode Value="ObjFPC"/>
      </SyntaxOptions>
    </Parsing>
    <CodeGeneration>
      <Checks>
        <IOChecks Value="True"/>
        <RangeChecks Value="True"/>
        <OverflowChecks Value="True"/>
        <StackChecks Value="True"/>
      </Checks>
    </CodeGeneration>
    <Linking>
      <Options>
        <Win32>
          <GraphicApplication Value="True"/>
        </Win32>
      </Options>
    </Linking>
  </CompilerOptions>
</CONFIG>
