<?xml version="1.0" encoding="UTF-8"?>
<CONFIG>
  <ProjectOptions>
    <Version Value="12"/>
    <General>
      <Flags>
        <MainUnitHasUsesSectionForAllUnits Value="False"/>
        <MainUnitHasCreateFormStatements Value="False"/>
        <MainUnitHasTitleStatement Value="False"/>
      </Flags>
      <SessionStorage Value="InProjectDir"/>
      <MainUnit Value="0"/>
      <Title Value="Markdown Editor"/>
      <UseAppBundle Value="False"/>
      <ResourceType Value="res"/>
      <UseXPManifest Value="True"/>
    </General>
    <BuildModes Count="2">
      <Item1 Name="Debug" Default="True"/>
      <Item2 Name="Release">
        <CompilerOptions>
          <Version Value="11"/>
          <Target>
            <Filename Value="bin/markdown-editor"/>
          </Target>
          <SearchPaths>
            <IncludeFiles Value="$(ProjOutDir)"/>
            <OtherUnitFiles Value="src"/>
            <UnitOutputDirectory Value="lib/$(TargetCPU)-$(TargetOS)"/>
          </SearchPaths>
          <Parsing>
            <SyntaxOptions>
              <SyntaxMode Value="ObjFPC"/>
            </SyntaxOptions>
          </Parsing>
          <CodeGeneration>
            <Optimizations>
              <OptimizationLevel Value="3"/>
            </Optimizations>
          </CodeGeneration>
          <Linking>
            <Debugging>
              <GenerateDebugInfo Value="False"/>
              <StripSymbols Value="True"/>
            </Debugging>
            <Options>
              <Win32>
                <GraphicApplication Value="True"/>
              </Win32>
            </Options>
          </Linking>
        </CompilerOptions>
      </Item2>
    </BuildModes>
    <RequiredPackages Count="4">
      <Item1>
        <PackageName Value="LCL"/>
      </Item1>
      <Item2>
        <PackageName Value="WebView4Delphi"/>
      </Item2>
      <Item3>
        <PackageName Value="MarkdownEngine"/>
      </Item3>
      <Item4>
        <PackageName Value="argparser_fp"/>
      </Item4>
    </RequiredPackages>
    <Units Count="11">
      <Unit0>
        <Filename Value="markdown_editor.lpr"/>
        <IsPartOfProject Value="True"/>
      </Unit0>
      <Unit1>
        <Filename Value="src/main_form.pas"/>
        <IsPartOfProject Value="True"/>
        <UnitName Value="Main_Form"/>
      </Unit1>
      <Unit2>
        <Filename Value="src/markdown_renderer.pas"/>
        <IsPartOfProject Value="True"/>
        <UnitName Value="Markdown_Renderer"/>
      </Unit2>
      <Unit3>
        <Filename Value="src/preview_form.pas"/>
        <IsPartOfProject Value="True"/>
        <UnitName Value="Preview_Form"/>
      </Unit3>
      <Unit4>
        <Filename Value="src/file_service.pas"/>
        <IsPartOfProject Value="True"/>
        <UnitName Value="File_Service"/>
      </Unit4>
      <Unit5>
        <Filename Value="src/editor_menu.pas"/>
        <IsPartOfProject Value="True"/>
        <UnitName Value="Editor_Menu"/>
      </Unit5>
      <Unit6>
        <Filename Value="src/html_export_service.pas"/>
        <IsPartOfProject Value="True"/>
        <UnitName Value="Html_Export_Service"/>
      </Unit6>
      <Unit7>
        <Filename Value="src/command_line.pas"/>
        <IsPartOfProject Value="True"/>
        <UnitName Value="Command_Line"/>
      </Unit7>
      <Unit8>
        <Filename Value="src/link_navigation.pas"/>
        <IsPartOfProject Value="True"/>
        <UnitName Value="Link_Navigation"/>
      </Unit8>
      <Unit9>
        <Filename Value="src/heading_anchor_service.pas"/>
        <IsPartOfProject Value="True"/>
        <UnitName Value="Heading_Anchor_Service"/>
      </Unit9>
      <Unit10>
        <Filename Value="src/file_association_service.pas"/>
        <IsPartOfProject Value="True"/>
        <UnitName Value="File_Association_Service"/>
      </Unit10>
    </Units>
  </ProjectOptions>
  <CompilerOptions>
    <Version Value="11"/>
    <Target>
      <Filename Value="bin/markdown-editor"/>
    </Target>
    <SearchPaths>
      <IncludeFiles Value="$(ProjOutDir)"/>
      <OtherUnitFiles Value="src"/>
      <UnitOutputDirectory Value="lib/$(TargetCPU)-$(TargetOS)"/>
    </SearchPaths>
    <Parsing>
      <SyntaxOptions>
        <SyntaxMode Value="ObjFPC"/>
      </SyntaxOptions>
    </Parsing>
    <CodeGeneration>
      <Checks>
        <IOChecks Value="True"/>
        <RangeChecks Value="True"/>
        <OverflowChecks Value="True"/>
        <StackChecks Value="True"/>
      </Checks>
    </CodeGeneration>
    <Linking>
      <Options>
        <Win32>
          <GraphicApplication Value="True"/>
        </Win32>
      </Options>
    </Linking>
  </CompilerOptions>
</CONFIG>
